
Microsoft Visual Studio Solution File, Format Version 12.00
# Visual Studio Version 17
VisualStudioVersion = 17.11.35222.181
MinimumVisualStudioVersion = 10.0.40219.1
Project("{9A19103F-16F7-4668-BE54-9A1E7A4F7556}") = "OnlineShop", "OnlineShop\OnlineShop.csproj", "{D4AD3956-E234-4539-B25F-56C6791DD144}"
EndProject
Global
	GlobalSection(SolutionConfigurationPlatforms) = preSolution
		Debug|Any CPU = Debug|Any CPU
		Release|Any CPU = Release|Any CPU
	EndGlobalSection
	GlobalSection(ProjectConfigurationPlatforms) = postSolution
		{D4AD3956-E234-4539-B25F-56C6791DD144}.Debug|Any CPU.ActiveCfg = Debug|Any CPU
		{D4AD3956-E234-4539-B25F-56C6791DD144}.Debug|Any CPU.Build.0 = Debug|Any CPU
		{D4AD3956-E234-4539-B25F-56C6791DD144}.Release|Any CPU.ActiveCfg = Release|Any CPU
		{D4AD3956-E234-4539-B25F-56C6791DD144}.Release|Any CPU.Build.0 = Release|Any CPU
	EndGlobalSection
	GlobalSection(SolutionProperties) = preSolution
		HideSolutionNode = FALSE
	EndGlobalSection
	GlobalSection(ExtensibilityGlobals) = postSolution
		SolutionGuid = {C366415E-894A-4C3E-B790-76245E68D0FA}
	EndGlobalSection
EndGlobal
